PODS:
  - Nimble (3.2.0)
  - Quick (0.9.0)

DEPENDENCIES:
  - Nimble (= 3.2.0)
  - Quick (= 0.9.0)

SPEC CHECKSUMS:
  Nimble: 703854335d181df169bbca9c97117b5cf8c47c1d
  Quick: 332eb1da73125a2106dd637424c803f2ae97e4a9

PODFILE CHECKSUM: 3554a7a99621b18164375f2be0ce173ea6b2a236

COCOAPODS: 1.0.0.beta.8
