PODS:
  - Alamofire (3.3.1)
  - AlamofireNetworkActivityIndicator (1.0.1):
    - Alamofire (~> 3.3)
  - Nimble (3.2.0)
  - Quick (0.9.0)

DEPENDENCIES:
  - Alamofire (= 3.3.1)
  - AlamofireNetworkActivityIndicator (= 1.0.1)
  - Nimble (= 3.2.0)
  - Quick (= 0.9.0)

SPEC CHECKSUMS:
  Alamofire: 369bc67b6f5ac33ded3648d7bd21c5bfb91c2ecc
  AlamofireNetworkActivityIndicator: 49a6e39afb947136f7b1872bae2d684957c26697
  Nimble: 703854335d181df169bbca9c97117b5cf8c47c1d
  Quick: 332eb1da73125a2106dd637424c803f2ae97e4a9

PODFILE CHECKSUM: 617d522efafe1a26b7e2763ab27abd7c235b115f

COCOAPODS: 1.0.0.beta.8
